{"1.2.0",
[{<<"cowboy">>,{pkg,<<"cowboy">>,<<"2.9.0">>},0},
 {<<"cowlib">>,{pkg,<<"cowlib">>,<<"2.11.0">>},1},
 {<<"gen_cluster">>,
  {git,"https://github.com/jessa0/gen_cluster.git",
       {ref,"e264233e11d443b4b93d01280fb785f1905b4cf9"}},
  0},
 {<<"gpb">>,{pkg,<<"gpb">>,<<"4.19.5">>},1},
 {<<"jsone">>,{pkg,<<"jsone">>,<<"1.7.0">>},0},
 {<<"ranch">>,{pkg,<<"ranch">>,<<"2.1.0">>},0},
 {<<"rebar3_gpb_plugin">>,{pkg,<<"rebar3_gpb_plugin">>,<<"2.22.1">>},0}]}.
[
{pkg_hash,[
 {<<"cowboy">>, <<"865DD8B6607E14CF03282E10E934023A1BD8BE6F6BACF921A7E2A96D800CD452">>},
 {<<"cowlib">>, <<"0B9FF9C346629256C42EBE1EEB769A83C6CB771A6EE5960BD110AB0B9B872063">>},
 {<<"gpb">>, <<"FF9D434308FD205C07B662A86C37E9579A8C9A04AD511D2C4DD63430A59F4729">>},
 {<<"jsone">>, <<"1E3BD7D5DD44BB2EB0797DDDEA1CBF2DDAB8D9F29E499A467CA171C23F5984EA">>},
 {<<"ranch">>, <<"2261F9ED9574DCFCC444106B9F6DA155E6E540B2F82BA3D42B339B93673B72A3">>},
 {<<"rebar3_gpb_plugin">>, <<"DC3CD1AEA019789D8141667D68F7A23E3996B9A48E3D02B7CD5AAC5CDAE3967E">>}]},
{pkg_hash_ext,[
 {<<"cowboy">>, <<"2C729F934B4E1AA149AFF882F57C6372C15399A20D54F65C8D67BEF583021BDE">>},
 {<<"cowlib">>, <<"2B3E9DA0B21C4565751A6D4901C20D1B4CC25CBB7FD50D91D2AB6DD287BC86A9">>},
 {<<"gpb">>, <<"21B76750D66B459CE40CB14298FB38EF8E0161D9B672A5284585C02563806F8E">>},
 {<<"jsone">>, <<"A3A33712EE6BC8BE10CFA21C7C425A299DE4C5A8533F9F931E577A6D0E8F5DBD">>},
 {<<"ranch">>, <<"244EE3FA2A6175270D8E1FC59024FD9DBC76294A321057DE8F803B1479E76916">>},
 {<<"rebar3_gpb_plugin">>, <<"A5511741F359E9F039C16394AF6FF1DA1CEEDCEBDE0852C1672035D3CE4429A7">>}]}
].
