// !$*UTF8*$!
{
	archiveVersion = 1;
	classes = {
	};
	objectVersion = 55;
	objects = {

/* Begin PBXBuildFile section */
		C83E302427C5854400D5B4E8 /* libc++.tbd in Frameworks */ = {isa = PBXBuildFile; fileRef = C83E302327C5854400D5B4E8 /* libc++.tbd */; };
		C87A469427BD4A9800C83DCE /* SendfileApp.swift in Sources */ = {isa = PBXBuildFile; fileRef = C87A469327BD4A9800C83DCE /* SendfileApp.swift */; };
		C87A469827BD4A9A00C83DCE /* Assets.xcassets in Resources */ = {isa = PBXBuildFile; fileRef = C87A469727BD4A9A00C83DCE /* Assets.xcassets */; };
		C8A9FB6827BD5194008FAF28 /* AppView.swift in Sources */ = {isa = PBXBuildFile; fileRef = C8A9FB6727BD5194008FAF28 /* AppView.swift */; };
		C8A9FB6C27BD51F9008FAF28 /* AppEnvironment.swift in Sources */ = {isa = PBXBuildFile; fileRef = C8A9FB6B27BD51F9008FAF28 /* AppEnvironment.swift */; };
		C8A9FB6E27BD5233008FAF28 /* AppPreferences.swift in Sources */ = {isa = PBXBuildFile; fileRef = C8A9FB6D27BD5233008FAF28 /* AppPreferences.swift */; };
		C8A9FB7A27BD5902008FAF28 /* Settings.bundle in Resources */ = {isa = PBXBuildFile; fileRef = C8A9FB7927BD5902008FAF28 /* Settings.bundle */; };
		C8A9FB8127BD8293008FAF28 /* DocumentPicker.swift in Sources */ = {isa = PBXBuildFile; fileRef = C8A9FB8027BD8293008FAF28 /* DocumentPicker.swift */; };
		C8A9FB8427BD922A008FAF28 /* FileUploadModel.swift in Sources */ = {isa = PBXBuildFile; fileRef = C8A9FB8327BD922A008FAF28 /* FileUploadModel.swift */; };
		C8A9FB8627BD938A008FAF28 /* FileUploadView.swift in Sources */ = {isa = PBXBuildFile; fileRef = C8A9FB8527BD938A008FAF28 /* FileUploadView.swift */; };
		C8D86E1627BE364700947CED /* SendfileRust.swift in Sources */ = {isa = PBXBuildFile; fileRef = C8D86E1527BE364700947CED /* SendfileRust.swift */; };
/* End PBXBuildFile section */

/* Begin PBXFileReference section */
		C83E302327C5854400D5B4E8 /* libc++.tbd */ = {isa = PBXFileReference; lastKnownFileType = "sourcecode.text-based-dylib-definition"; name = "libc++.tbd"; path = "usr/lib/libc++.tbd"; sourceTree = SDKROOT; };
		C87A469027BD4A9800C83DCE /* Sendfile.app */ = {isa = PBXFileReference; explicitFileType = wrapper.application; includeInIndex = 0; path = Sendfile.app; sourceTree = BUILT_PRODUCTS_DIR; };
		C87A469327BD4A9800C83DCE /* SendfileApp.swift */ = {isa = PBXFileReference; lastKnownFileType = sourcecode.swift; path = SendfileApp.swift; sourceTree = "<group>"; };
		C87A469727BD4A9A00C83DCE /* Assets.xcassets */ = {isa = PBXFileReference; lastKnownFileType = folder.assetcatalog; path = Assets.xcassets; sourceTree = "<group>"; };
		C8A9FB6727BD5194008FAF28 /* AppView.swift */ = {isa = PBXFileReference; lastKnownFileType = sourcecode.swift; path = AppView.swift; sourceTree = "<group>"; };
		C8A9FB6B27BD51F9008FAF28 /* AppEnvironment.swift */ = {isa = PBXFileReference; lastKnownFileType = sourcecode.swift; path = AppEnvironment.swift; sourceTree = "<group>"; };
		C8A9FB6D27BD5233008FAF28 /* AppPreferences.swift */ = {isa = PBXFileReference; lastKnownFileType = sourcecode.swift; path = AppPreferences.swift; sourceTree = "<group>"; };
		C8A9FB7127BD52B2008FAF28 /* Info.plist */ = {isa = PBXFileReference; lastKnownFileType = text.plist.xml; path = Info.plist; sourceTree = "<group>"; };
		C8A9FB7927BD5902008FAF28 /* Settings.bundle */ = {isa = PBXFileReference; lastKnownFileType = "wrapper.plug-in"; path = Settings.bundle; sourceTree = "<group>"; };
		C8A9FB8027BD8293008FAF28 /* DocumentPicker.swift */ = {isa = PBXFileReference; lastKnownFileType = sourcecode.swift; path = DocumentPicker.swift; sourceTree = "<group>"; };
		C8A9FB8327BD922A008FAF28 /* FileUploadModel.swift */ = {isa = PBXFileReference; lastKnownFileType = sourcecode.swift; path = FileUploadModel.swift; sourceTree = "<group>"; };
		C8A9FB8527BD938A008FAF28 /* FileUploadView.swift */ = {isa = PBXFileReference; lastKnownFileType = sourcecode.swift; path = FileUploadView.swift; sourceTree = "<group>"; };
		C8D86E1527BE364700947CED /* SendfileRust.swift */ = {isa = PBXFileReference; fileEncoding = 4; lastKnownFileType = sourcecode.swift; path = SendfileRust.swift; sourceTree = "<group>"; };
		C8D86E1827BE37A500947CED /* SendfileRustFFI.h */ = {isa = PBXFileReference; fileEncoding = 4; lastKnownFileType = sourcecode.c.h; path = SendfileRustFFI.h; sourceTree = "<group>"; };
		C8D86E1927BE37A500947CED /* module.modulemap */ = {isa = PBXFileReference; fileEncoding = 4; lastKnownFileType = "sourcecode.module-map"; path = module.modulemap; sourceTree = "<group>"; };
/* End PBXFileReference section */

/* Begin PBXFrameworksBuildPhase section */
		C87A468D27BD4A9800C83DCE /* Frameworks */ = {
			isa = PBXFrameworksBuildPhase;
			buildActionMask = 2147483647;
			files = (
				C83E302427C5854400D5B4E8 /* libc++.tbd in Frameworks */,
			);
			runOnlyForDeploymentPostprocessing = 0;
		};
/* End PBXFrameworksBuildPhase section */

/* Begin PBXGroup section */
		C83E302227C5854400D5B4E8 /* Frameworks */ = {
			isa = PBXGroup;
			children = (
				C83E302327C5854400D5B4E8 /* libc++.tbd */,
			);
			name = Frameworks;
			sourceTree = "<group>";
		};
		C87A468727BD4A9800C83DCE = {
			isa = PBXGroup;
			children = (
				C87A469227BD4A9800C83DCE /* Sendfile */,
				C87A469127BD4A9800C83DCE /* Products */,
				C83E302227C5854400D5B4E8 /* Frameworks */,
			);
			sourceTree = "<group>";
		};
		C87A469127BD4A9800C83DCE /* Products */ = {
			isa = PBXGroup;
			children = (
				C87A469027BD4A9800C83DCE /* Sendfile.app */,
			);
			name = Products;
			sourceTree = "<group>";
		};
		C87A469227BD4A9800C83DCE /* Sendfile */ = {
			isa = PBXGroup;
			children = (
				C8A9FB7827BD58F6008FAF28 /* res */,
				C8A9FB5F27BD500E008FAF28 /* src */,
				C87A469727BD4A9A00C83DCE /* Assets.xcassets */,
				C8A9FB7127BD52B2008FAF28 /* Info.plist */,
			);
			path = Sendfile;
			sourceTree = "<group>";
		};
		C8A9FB5F27BD500E008FAF28 /* src */ = {
			isa = PBXGroup;
			children = (
				C8A9FB6927BD51E6008FAF28 /* Environment */,
				C8A9FB6027BD5026008FAF28 /* FFI */,
				C8A9FB6527BD5168008FAF28 /* UI */,
				C87A469327BD4A9800C83DCE /* SendfileApp.swift */,
			);
			path = src;
			sourceTree = "<group>";
		};
		C8A9FB6027BD5026008FAF28 /* FFI */ = {
			isa = PBXGroup;
			children = (
				C8D86DF927BE0BDA00947CED /* Rust */,
			);
			path = FFI;
			sourceTree = "<group>";
		};
		C8A9FB6527BD5168008FAF28 /* UI */ = {
			isa = PBXGroup;
			children = (
				C8A9FB8227BD9200008FAF28 /* Models */,
				C8A9FB6627BD5183008FAF28 /* Views */,
			);
			path = UI;
			sourceTree = "<group>";
		};
		C8A9FB6627BD5183008FAF28 /* Views */ = {
			isa = PBXGroup;
			children = (
				C8A9FB7F27BD8287008FAF28 /* Controls */,
				C8A9FB6727BD5194008FAF28 /* AppView.swift */,
				C8A9FB8527BD938A008FAF28 /* FileUploadView.swift */,
			);
			path = Views;
			sourceTree = "<group>";
		};
		C8A9FB6927BD51E6008FAF28 /* Environment */ = {
			isa = PBXGroup;
			children = (
				C8A9FB6B27BD51F9008FAF28 /* AppEnvironment.swift */,
				C8A9FB6D27BD5233008FAF28 /* AppPreferences.swift */,
			);
			path = Environment;
			sourceTree = "<group>";
		};
		C8A9FB7827BD58F6008FAF28 /* res */ = {
			isa = PBXGroup;
			children = (
				C8A9FB7927BD5902008FAF28 /* Settings.bundle */,
			);
			path = res;
			sourceTree = "<group>";
		};
		C8A9FB7F27BD8287008FAF28 /* Controls */ = {
			isa = PBXGroup;
			children = (
				C8A9FB8027BD8293008FAF28 /* DocumentPicker.swift */,
			);
			path = Controls;
			sourceTree = "<group>";
		};
		C8A9FB8227BD9200008FAF28 /* Models */ = {
			isa = PBXGroup;
			children = (
				C8A9FB8327BD922A008FAF28 /* FileUploadModel.swift */,
			);
			path = Models;
			sourceTree = "<group>";
		};
		C8D86DF927BE0BDA00947CED /* Rust */ = {
			isa = PBXGroup;
			children = (
				C8D86E1727BE37A500947CED /* SendfileRustFFI */,
			);
			path = Rust;
			sourceTree = "<group>";
		};
		C8D86E1727BE37A500947CED /* SendfileRustFFI */ = {
			isa = PBXGroup;
			children = (
				C8D86E1527BE364700947CED /* SendfileRust.swift */,
				C8D86E1827BE37A500947CED /* SendfileRustFFI.h */,
				C8D86E1927BE37A500947CED /* module.modulemap */,
			);
			path = SendfileRustFFI;
			sourceTree = "<group>";
		};
/* End PBXGroup section */

/* Begin PBXNativeTarget section */
		C87A468F27BD4A9800C83DCE /* Sendfile */ = {
			isa = PBXNativeTarget;
			buildConfigurationList = C87A469E27BD4A9A00C83DCE /* Build configuration list for PBXNativeTarget "Sendfile" */;
			buildPhases = (
				C8A9FB7727BD58B8008FAF28 /* Compile Rust Sources */,
				C87A468C27BD4A9800C83DCE /* Sources */,
				C87A468D27BD4A9800C83DCE /* Frameworks */,
				C8A9FB7627BD5884008FAF28 /* Compile Acknowledgements */,
				C87A468E27BD4A9800C83DCE /* Resources */,
			);
			buildRules = (
			);
			dependencies = (
			);
			name = Sendfile;
			packageProductDependencies = (
			);
			productName = "sendfile-ios-app";
			productReference = C87A469027BD4A9800C83DCE /* Sendfile.app */;
			productType = "com.apple.product-type.application";
		};
/* End PBXNativeTarget section */

/* Begin PBXProject section */
		C87A468827BD4A9800C83DCE /* Project object */ = {
			isa = PBXProject;
			attributes = {
				BuildIndependentTargetsInParallel = 1;
				LastSwiftUpdateCheck = 1320;
				LastUpgradeCheck = 1320;
				TargetAttributes = {
					C87A468F27BD4A9800C83DCE = {
						CreatedOnToolsVersion = 13.2.1;
					};
				};
			};
			buildConfigurationList = C87A468B27BD4A9800C83DCE /* Build configuration list for PBXProject "Sendfile" */;
			compatibilityVersion = "Xcode 13.0";
			developmentRegion = en;
			hasScannedForEncodings = 0;
			knownRegions = (
				en,
				Base,
			);
			mainGroup = C87A468727BD4A9800C83DCE;
			packageReferences = (
			);
			productRefGroup = C87A469127BD4A9800C83DCE /* Products */;
			projectDirPath = "";
			projectRoot = "";
			targets = (
				C87A468F27BD4A9800C83DCE /* Sendfile */,
			);
		};
/* End PBXProject section */

/* Begin PBXResourcesBuildPhase section */
		C87A468E27BD4A9800C83DCE /* Resources */ = {
			isa = PBXResourcesBuildPhase;
			buildActionMask = 2147483647;
			files = (
				C8A9FB7A27BD5902008FAF28 /* Settings.bundle in Resources */,
				C87A469827BD4A9A00C83DCE /* Assets.xcassets in Resources */,
			);
			runOnlyForDeploymentPostprocessing = 0;
		};
/* End PBXResourcesBuildPhase section */

/* Begin PBXShellScriptBuildPhase section */
		C8A9FB7627BD5884008FAF28 /* Compile Acknowledgements */ = {
			isa = PBXShellScriptBuildPhase;
			alwaysOutOfDate = 1;
			buildActionMask = 2147483647;
			files = (
			);
			inputFileListPaths = (
			);
			inputPaths = (
			);
			name = "Compile Acknowledgements";
			outputFileListPaths = (
			);
			outputPaths = (
			);
			runOnlyForDeploymentPostprocessing = 0;
			shellPath = /bin/sh;
			shellScript = "PATH=\"/bin:/usr/bin:$PATH:/opt/homebrew/bin\" make acknowledgements CARGO=\"${CARGO:-$HOME/.cargo/bin/cargo}\"\n";
		};
		C8A9FB7727BD58B8008FAF28 /* Compile Rust Sources */ = {
			isa = PBXShellScriptBuildPhase;
			alwaysOutOfDate = 1;
			buildActionMask = 2147483647;
			files = (
			);
			inputFileListPaths = (
			);
			inputPaths = (
			);
			name = "Compile Rust Sources";
			outputFileListPaths = (
			);
			outputPaths = (
			);
			runOnlyForDeploymentPostprocessing = 0;
			shellPath = /bin/sh;
			shellScript = "PATH=\"/bin:/usr/bin:$PATH\" make rust-build CARGO=\"${CARGO:-$HOME/.cargo/bin/cargo}\"\n";
		};
/* End PBXShellScriptBuildPhase section */

/* Begin PBXSourcesBuildPhase section */
		C87A468C27BD4A9800C83DCE /* Sources */ = {
			isa = PBXSourcesBuildPhase;
			buildActionMask = 2147483647;
			files = (
				C8A9FB6E27BD5233008FAF28 /* AppPreferences.swift in Sources */,
				C8A9FB8427BD922A008FAF28 /* FileUploadModel.swift in Sources */,
				C87A469427BD4A9800C83DCE /* SendfileApp.swift in Sources */,
				C8A9FB6C27BD51F9008FAF28 /* AppEnvironment.swift in Sources */,
				C8A9FB8127BD8293008FAF28 /* DocumentPicker.swift in Sources */,
				C8D86E1627BE364700947CED /* SendfileRust.swift in Sources */,
				C8A9FB6827BD5194008FAF28 /* AppView.swift in Sources */,
				C8A9FB8627BD938A008FAF28 /* FileUploadView.swift in Sources */,
			);
			runOnlyForDeploymentPostprocessing = 0;
		};
/* End PBXSourcesBuildPhase section */

/* Begin XCBuildConfiguration section */
		C87A469C27BD4A9A00C83DCE /* Debug */ = {
			isa = XCBuildConfiguration;
			buildSettings = {
				ALWAYS_SEARCH_USER_PATHS = NO;
				CLANG_ANALYZER_LOCALIZABILITY_NONLOCALIZED = YES;
				CLANG_ANALYZER_NONNULL = YES;
				CLANG_ANALYZER_NUMBER_OBJECT_CONVERSION = YES_AGGRESSIVE;
				CLANG_CXX_LANGUAGE_STANDARD = "gnu++17";
				CLANG_CXX_LIBRARY = "libc++";
				CLANG_ENABLE_MODULES = YES;
				CLANG_ENABLE_OBJC_ARC = YES;
				CLANG_ENABLE_OBJC_WEAK = YES;
				CLANG_WARN_BLOCK_CAPTURE_AUTORELEASING = YES;
				CLANG_WARN_BOOL_CONVERSION = YES;
				CLANG_WARN_COMMA = YES;
				CLANG_WARN_CONSTANT_CONVERSION = YES;
				CLANG_WARN_DEPRECATED_OBJC_IMPLEMENTATIONS = YES;
				CLANG_WARN_DIRECT_OBJC_ISA_USAGE = YES_ERROR;
				CLANG_WARN_DOCUMENTATION_COMMENTS = NO;
				CLANG_WARN_EMPTY_BODY = YES;
				CLANG_WARN_ENUM_CONVERSION = YES;
				CLANG_WARN_FLOAT_CONVERSION = YES;
				CLANG_WARN_IMPLICIT_SIGN_CONVERSION = YES;
				CLANG_WARN_INFINITE_RECURSION = YES;
				CLANG_WARN_INT_CONVERSION = YES;
				CLANG_WARN_NON_LITERAL_NULL_CONVERSION = YES;
				CLANG_WARN_OBJC_IMPLICIT_RETAIN_SELF = YES;
				CLANG_WARN_OBJC_LITERAL_CONVERSION = YES;
				CLANG_WARN_OBJC_ROOT_CLASS = YES_ERROR;
				CLANG_WARN_QUOTED_INCLUDE_IN_FRAMEWORK_HEADER = NO;
				CLANG_WARN_RANGE_LOOP_ANALYSIS = YES;
				CLANG_WARN_SEMICOLON_BEFORE_METHOD_BODY = YES;
				CLANG_WARN_STRICT_PROTOTYPES = YES;
				CLANG_WARN_SUSPICIOUS_IMPLICIT_CONVERSION = YES;
				CLANG_WARN_SUSPICIOUS_MOVE = YES;
				CLANG_WARN_UNGUARDED_AVAILABILITY = YES_AGGRESSIVE;
				CLANG_WARN_UNREACHABLE_CODE = YES;
				CLANG_WARN__DUPLICATE_METHOD_MATCH = YES;
				COPY_PHASE_STRIP = NO;
				DEBUG_INFORMATION_FORMAT = dwarf;
				ENABLE_NS_ASSERTIONS = YES;
				ENABLE_STRICT_OBJC_MSGSEND = YES;
				ENABLE_TESTABILITY = YES;
				EXCLUDED_ARCHS = armv7;
				GCC_C_LANGUAGE_STANDARD = gnu11;
				GCC_DYNAMIC_NO_PIC = NO;
				GCC_NO_COMMON_BLOCKS = YES;
				GCC_OPTIMIZATION_LEVEL = 1;
				GCC_PREPROCESSOR_DEFINITIONS = (
					"DEBUG=1",
					"$(inherited)",
				);
				GCC_TREAT_IMPLICIT_FUNCTION_DECLARATIONS_AS_ERRORS = YES;
				GCC_TREAT_INCOMPATIBLE_POINTER_TYPE_WARNINGS_AS_ERRORS = YES;
				GCC_WARN_64_TO_32_BIT_CONVERSION = YES;
				GCC_WARN_ABOUT_MISSING_FIELD_INITIALIZERS = YES;
				GCC_WARN_ABOUT_MISSING_NEWLINE = YES;
				GCC_WARN_ABOUT_MISSING_PROTOTYPES = YES;
				GCC_WARN_ABOUT_RETURN_TYPE = YES_ERROR;
				GCC_WARN_FOUR_CHARACTER_CONSTANTS = YES;
				GCC_WARN_INITIALIZER_NOT_FULLY_BRACKETED = YES;
				GCC_WARN_SHADOW = YES;
				GCC_WARN_SIGN_COMPARE = YES;
				GCC_WARN_STRICT_SELECTOR_MATCH = YES;
				GCC_WARN_UNDECLARED_SELECTOR = YES;
				GCC_WARN_UNINITIALIZED_AUTOS = YES_AGGRESSIVE;
				GCC_WARN_UNKNOWN_PRAGMAS = YES;
				GCC_WARN_UNUSED_FUNCTION = YES;
				GCC_WARN_UNUSED_LABEL = YES;
				GCC_WARN_UNUSED_VARIABLE = YES;
				HEADER_SEARCH_PATHS = Sendfile/src/FFI/Rust/SendfileRustFFI;
				IPHONEOS_DEPLOYMENT_TARGET = 14.0;
				"LIBRARY_SEARCH_PATHS[sdk=iphoneos*][arch=arm64]" = "target/aarch64-apple-ios/debug";
				"LIBRARY_SEARCH_PATHS[sdk=iphoneos*][arch=x86_64]" = "target/x86_64-apple-ios/debug";
				"LIBRARY_SEARCH_PATHS[sdk=iphonesimulator*][arch=arm64]" = "target/aarch64-apple-ios-sim/debug";
				"LIBRARY_SEARCH_PATHS[sdk=iphonesimulator*][arch=x86_64]" = "target/x86_64-apple-ios/debug";
				MTL_ENABLE_DEBUG_INFO = INCLUDE_SOURCE;
				MTL_FAST_MATH = YES;
				ONLY_ACTIVE_ARCH = YES;
				SDKROOT = iphoneos;
				SWIFT_ACTIVE_COMPILATION_CONDITIONS = DEBUG;
				SWIFT_OPTIMIZATION_LEVEL = "-Onone";
				SWIFT_VERSION = 5.0;
				VALIDATE_PRODUCT = YES;
			};
			name = Debug;
		};
		C87A469D27BD4A9A00C83DCE /* App Store Release */ = {
			isa = XCBuildConfiguration;
			buildSettings = {
				ALWAYS_SEARCH_USER_PATHS = NO;
				CLANG_ANALYZER_LOCALIZABILITY_NONLOCALIZED = YES;
				CLANG_ANALYZER_NONNULL = YES;
				CLANG_ANALYZER_NUMBER_OBJECT_CONVERSION = YES_AGGRESSIVE;
				CLANG_CXX_LANGUAGE_STANDARD = "gnu++17";
				CLANG_CXX_LIBRARY = "libc++";
				CLANG_ENABLE_MODULES = YES;
				CLANG_ENABLE_OBJC_ARC = YES;
				CLANG_ENABLE_OBJC_WEAK = YES;
				CLANG_WARN_BLOCK_CAPTURE_AUTORELEASING = YES;
				CLANG_WARN_BOOL_CONVERSION = YES;
				CLANG_WARN_COMMA = YES;
				CLANG_WARN_CONSTANT_CONVERSION = YES;
				CLANG_WARN_DEPRECATED_OBJC_IMPLEMENTATIONS = YES;
				CLANG_WARN_DIRECT_OBJC_ISA_USAGE = YES_ERROR;
				CLANG_WARN_DOCUMENTATION_COMMENTS = NO;
				CLANG_WARN_EMPTY_BODY = YES;
				CLANG_WARN_ENUM_CONVERSION = YES;
				CLANG_WARN_FLOAT_CONVERSION = YES;
				CLANG_WARN_IMPLICIT_SIGN_CONVERSION = YES;
				CLANG_WARN_INFINITE_RECURSION = YES;
				CLANG_WARN_INT_CONVERSION = YES;
				CLANG_WARN_NON_LITERAL_NULL_CONVERSION = YES;
				CLANG_WARN_OBJC_IMPLICIT_RETAIN_SELF = YES;
				CLANG_WARN_OBJC_LITERAL_CONVERSION = YES;
				CLANG_WARN_OBJC_ROOT_CLASS = YES_ERROR;
				CLANG_WARN_QUOTED_INCLUDE_IN_FRAMEWORK_HEADER = NO;
				CLANG_WARN_RANGE_LOOP_ANALYSIS = YES;
				CLANG_WARN_SEMICOLON_BEFORE_METHOD_BODY = YES;
				CLANG_WARN_STRICT_PROTOTYPES = YES;
				CLANG_WARN_SUSPICIOUS_IMPLICIT_CONVERSION = YES;
				CLANG_WARN_SUSPICIOUS_MOVE = YES;
				CLANG_WARN_UNGUARDED_AVAILABILITY = YES_AGGRESSIVE;
				CLANG_WARN_UNREACHABLE_CODE = YES;
				CLANG_WARN__DUPLICATE_METHOD_MATCH = YES;
				COPY_PHASE_STRIP = NO;
				DEBUG_INFORMATION_FORMAT = "dwarf-with-dsym";
				ENABLE_NS_ASSERTIONS = YES;
				ENABLE_STRICT_OBJC_MSGSEND = YES;
				EXCLUDED_ARCHS = armv7;
				GCC_C_LANGUAGE_STANDARD = gnu11;
				GCC_NO_COMMON_BLOCKS = YES;
				GCC_TREAT_IMPLICIT_FUNCTION_DECLARATIONS_AS_ERRORS = YES;
				GCC_TREAT_INCOMPATIBLE_POINTER_TYPE_WARNINGS_AS_ERRORS = YES;
				GCC_WARN_64_TO_32_BIT_CONVERSION = YES;
				GCC_WARN_ABOUT_MISSING_FIELD_INITIALIZERS = YES;
				GCC_WARN_ABOUT_MISSING_NEWLINE = YES;
				GCC_WARN_ABOUT_MISSING_PROTOTYPES = YES;
				GCC_WARN_ABOUT_RETURN_TYPE = YES_ERROR;
				GCC_WARN_FOUR_CHARACTER_CONSTANTS = YES;
				GCC_WARN_INITIALIZER_NOT_FULLY_BRACKETED = YES;
				GCC_WARN_SHADOW = YES;
				GCC_WARN_SIGN_COMPARE = YES;
				GCC_WARN_STRICT_SELECTOR_MATCH = YES;
				GCC_WARN_UNDECLARED_SELECTOR = YES;
				GCC_WARN_UNINITIALIZED_AUTOS = YES_AGGRESSIVE;
				GCC_WARN_UNKNOWN_PRAGMAS = YES;
				GCC_WARN_UNUSED_FUNCTION = YES;
				GCC_WARN_UNUSED_LABEL = YES;
				GCC_WARN_UNUSED_VARIABLE = YES;
				HEADER_SEARCH_PATHS = Sendfile/src/FFI/Rust/SendfileRustFFI;
				IPHONEOS_DEPLOYMENT_TARGET = 14.0;
				"LIBRARY_SEARCH_PATHS[sdk=iphoneos*][arch=arm64]" = "target/aarch64-apple-ios/release";
				"LIBRARY_SEARCH_PATHS[sdk=iphoneos*][arch=x86_64]" = "target/x86_64-apple-ios/release";
				"LIBRARY_SEARCH_PATHS[sdk=iphonesimulator*][arch=arm64]" = "target/aarch64-apple-ios-sim/release";
				"LIBRARY_SEARCH_PATHS[sdk=iphonesimulator*][arch=x86_64]" = "target/x86_64-apple-ios/release";
				MTL_ENABLE_DEBUG_INFO = NO;
				MTL_FAST_MATH = YES;
				SDKROOT = iphoneos;
				SWIFT_COMPILATION_MODE = wholemodule;
				SWIFT_OPTIMIZATION_LEVEL = "-O";
				SWIFT_VERSION = 5.0;
				VALIDATE_PRODUCT = YES;
			};
			name = "App Store Release";
		};
		C87A469F27BD4A9A00C83DCE /* Debug */ = {
			isa = XCBuildConfiguration;
			buildSettings = {
				ASSETCATALOG_COMPILER_APPICON_NAME = AppIcon;
				CLANG_ADDRESS_SANITIZER_CONTAINER_OVERFLOW = YES;
				CLANG_ANALYZER_SECURITY_FLOATLOOPCOUNTER = YES;
				CLANG_ANALYZER_SECURITY_INSECUREAPI_RAND = YES;
				CLANG_ANALYZER_SECURITY_INSECUREAPI_STRCPY = YES;
				CLANG_UNDEFINED_BEHAVIOR_SANITIZER_INTEGER = YES;
				CLANG_UNDEFINED_BEHAVIOR_SANITIZER_NULLABILITY = YES;
				CODE_SIGN_STYLE = Automatic;
				CURRENT_PROJECT_VERSION = 1.0.0.3;
				DEVELOPMENT_TEAM = MNTZKMS8Z9;
				ENABLE_PREVIEWS = NO;
				GCC_STRICT_ALIASING = NO;
				INFOPLIST_FILE = Sendfile/Info.plist;
				INFOPLIST_KEY_CFBundleDisplayName = Sendfile;
				INFOPLIST_KEY_UIApplicationSupportsIndirectInputEvents = YES;
				INFOPLIST_KEY_UILaunchScreen_Generation = YES;
				INFOPLIST_KEY_UISupportedInterfaceOrientations = "UIInterfaceOrientationPortrait UIInterfaceOrientationLandscapeRight UIInterfaceOrientationLandscapeLeft";
				INFOPLIST_KEY_UISupportedInterfaceOrientations_iPad = "UIInterfaceOrientationPortrait UIInterfaceOrientationPortraitUpsideDown UIInterfaceOrientationLandscapeLeft UIInterfaceOrientationLandscapeRight";
				INFOPLIST_KEY_UISupportedInterfaceOrientations_iPhone = "UIInterfaceOrientationPortrait UIInterfaceOrientationLandscapeLeft UIInterfaceOrientationLandscapeRight";
				LD_RUNPATH_SEARCH_PATHS = (
					"$(inherited)",
					"@executable_path/Frameworks",
				);
				MARKETING_VERSION = 1.0.0;
				PRODUCT_BUNDLE_IDENTIFIER = "org.glopfile.Sendfile-iOS";
				PRODUCT_NAME = Sendfile;
				RUN_CLANG_STATIC_ANALYZER = YES;
				SWIFT_EMIT_LOC_STRINGS = YES;
				SWIFT_VERSION = 5.0;
				TARGETED_DEVICE_FAMILY = "1,2";
			};
			name = Debug;
		};
		C87A46A027BD4A9A00C83DCE /* App Store Release */ = {
			isa = XCBuildConfiguration;
			buildSettings = {
				ASSETCATALOG_COMPILER_APPICON_NAME = AppIcon;
				CLANG_ANALYZER_SECURITY_FLOATLOOPCOUNTER = YES;
				CLANG_ANALYZER_SECURITY_INSECUREAPI_RAND = YES;
				CLANG_ANALYZER_SECURITY_INSECUREAPI_STRCPY = YES;
				CODE_SIGN_IDENTITY = "iPhone Distribution";
				CODE_SIGN_STYLE = Manual;
				CURRENT_PROJECT_VERSION = 1.0.0.3;
				DEVELOPMENT_TEAM = KP8CN24X7U;
				ENABLE_PREVIEWS = NO;
				GCC_STRICT_ALIASING = NO;
				INFOPLIST_FILE = Sendfile/Info.plist;
				INFOPLIST_KEY_CFBundleDisplayName = Sendfile;
				INFOPLIST_KEY_UIApplicationSupportsIndirectInputEvents = YES;
				INFOPLIST_KEY_UILaunchScreen_Generation = YES;
				INFOPLIST_KEY_UISupportedInterfaceOrientations = "UIInterfaceOrientationPortrait UIInterfaceOrientationLandscapeRight UIInterfaceOrientationLandscapeLeft";
				INFOPLIST_KEY_UISupportedInterfaceOrientations_iPad = "UIInterfaceOrientationPortrait UIInterfaceOrientationPortraitUpsideDown UIInterfaceOrientationLandscapeLeft UIInterfaceOrientationLandscapeRight";
				INFOPLIST_KEY_UISupportedInterfaceOrientations_iPhone = "UIInterfaceOrientationPortrait UIInterfaceOrientationLandscapeLeft UIInterfaceOrientationLandscapeRight";
				LD_RUNPATH_SEARCH_PATHS = (
					"$(inherited)",
					"@executable_path/Frameworks",
				);
				MARKETING_VERSION = 1.0.0;
				PRODUCT_BUNDLE_IDENTIFIER = "org.privacyresearchgroup.sendfile-ios-app";
				PRODUCT_NAME = Sendfile;
				PROVISIONING_PROFILE_SPECIFIER = "Sendfile iOS App Store Release";
				RUN_CLANG_STATIC_ANALYZER = YES;
				SWIFT_EMIT_LOC_STRINGS = YES;
				SWIFT_VERSION = 5.0;
				TARGETED_DEVICE_FAMILY = "1,2";
			};
			name = "App Store Release";
		};
		C8A9FB7427BD53C6008FAF28 /* Testable Release */ = {
			isa = XCBuildConfiguration;
			buildSettings = {
				ALWAYS_SEARCH_USER_PATHS = NO;
				CLANG_ANALYZER_LOCALIZABILITY_NONLOCALIZED = YES;
				CLANG_ANALYZER_NONNULL = YES;
				CLANG_ANALYZER_NUMBER_OBJECT_CONVERSION = YES_AGGRESSIVE;
				CLANG_CXX_LANGUAGE_STANDARD = "gnu++17";
				CLANG_CXX_LIBRARY = "libc++";
				CLANG_ENABLE_MODULES = YES;
				CLANG_ENABLE_OBJC_ARC = YES;
				CLANG_ENABLE_OBJC_WEAK = YES;
				CLANG_WARN_BLOCK_CAPTURE_AUTORELEASING = YES;
				CLANG_WARN_BOOL_CONVERSION = YES;
				CLANG_WARN_COMMA = YES;
				CLANG_WARN_CONSTANT_CONVERSION = YES;
				CLANG_WARN_DEPRECATED_OBJC_IMPLEMENTATIONS = YES;
				CLANG_WARN_DIRECT_OBJC_ISA_USAGE = YES_ERROR;
				CLANG_WARN_DOCUMENTATION_COMMENTS = NO;
				CLANG_WARN_EMPTY_BODY = YES;
				CLANG_WARN_ENUM_CONVERSION = YES;
				CLANG_WARN_FLOAT_CONVERSION = YES;
				CLANG_WARN_IMPLICIT_SIGN_CONVERSION = YES;
				CLANG_WARN_INFINITE_RECURSION = YES;
				CLANG_WARN_INT_CONVERSION = YES;
				CLANG_WARN_NON_LITERAL_NULL_CONVERSION = YES;
				CLANG_WARN_OBJC_IMPLICIT_RETAIN_SELF = YES;
				CLANG_WARN_OBJC_LITERAL_CONVERSION = YES;
				CLANG_WARN_OBJC_ROOT_CLASS = YES_ERROR;
				CLANG_WARN_QUOTED_INCLUDE_IN_FRAMEWORK_HEADER = NO;
				CLANG_WARN_RANGE_LOOP_ANALYSIS = YES;
				CLANG_WARN_SEMICOLON_BEFORE_METHOD_BODY = YES;
				CLANG_WARN_STRICT_PROTOTYPES = YES;
				CLANG_WARN_SUSPICIOUS_IMPLICIT_CONVERSION = YES;
				CLANG_WARN_SUSPICIOUS_MOVE = YES;
				CLANG_WARN_UNGUARDED_AVAILABILITY = YES_AGGRESSIVE;
				CLANG_WARN_UNREACHABLE_CODE = YES;
				CLANG_WARN__DUPLICATE_METHOD_MATCH = YES;
				COPY_PHASE_STRIP = NO;
				DEBUG_INFORMATION_FORMAT = dwarf;
				ENABLE_NS_ASSERTIONS = YES;
				ENABLE_STRICT_OBJC_MSGSEND = YES;
				ENABLE_TESTABILITY = YES;
				EXCLUDED_ARCHS = armv7;
				GCC_C_LANGUAGE_STANDARD = gnu11;
				GCC_NO_COMMON_BLOCKS = YES;
				GCC_TREAT_IMPLICIT_FUNCTION_DECLARATIONS_AS_ERRORS = YES;
				GCC_TREAT_INCOMPATIBLE_POINTER_TYPE_WARNINGS_AS_ERRORS = YES;
				GCC_WARN_64_TO_32_BIT_CONVERSION = YES;
				GCC_WARN_ABOUT_MISSING_FIELD_INITIALIZERS = YES;
				GCC_WARN_ABOUT_MISSING_NEWLINE = YES;
				GCC_WARN_ABOUT_MISSING_PROTOTYPES = YES;
				GCC_WARN_ABOUT_RETURN_TYPE = YES_ERROR;
				GCC_WARN_FOUR_CHARACTER_CONSTANTS = YES;
				GCC_WARN_INITIALIZER_NOT_FULLY_BRACKETED = YES;
				GCC_WARN_SHADOW = YES;
				GCC_WARN_SIGN_COMPARE = YES;
				GCC_WARN_STRICT_SELECTOR_MATCH = YES;
				GCC_WARN_UNDECLARED_SELECTOR = YES;
				GCC_WARN_UNINITIALIZED_AUTOS = YES_AGGRESSIVE;
				GCC_WARN_UNKNOWN_PRAGMAS = YES;
				GCC_WARN_UNUSED_FUNCTION = YES;
				GCC_WARN_UNUSED_LABEL = YES;
				GCC_WARN_UNUSED_VARIABLE = YES;
				HEADER_SEARCH_PATHS = Sendfile/src/FFI/Rust/SendfileRustFFI;
				IPHONEOS_DEPLOYMENT_TARGET = 14.0;
				"LIBRARY_SEARCH_PATHS[sdk=iphoneos*][arch=arm64]" = "target/aarch64-apple-ios/release";
				"LIBRARY_SEARCH_PATHS[sdk=iphoneos*][arch=x86_64]" = "target/x86_64-apple-ios/release";
				"LIBRARY_SEARCH_PATHS[sdk=iphonesimulator*][arch=arm64]" = "target/aarch64-apple-ios-sim/release";
				"LIBRARY_SEARCH_PATHS[sdk=iphonesimulator*][arch=x86_64]" = "target/x86_64-apple-ios/release";
				MTL_ENABLE_DEBUG_INFO = NO;
				MTL_FAST_MATH = YES;
				ONLY_ACTIVE_ARCH = YES;
				SDKROOT = iphoneos;
				SWIFT_COMPILATION_MODE = wholemodule;
				SWIFT_OPTIMIZATION_LEVEL = "-O";
				SWIFT_VERSION = 5.0;
				VALIDATE_PRODUCT = YES;
			};
			name = "Testable Release";
		};
		C8A9FB7527BD53C6008FAF28 /* Testable Release */ = {
			isa = XCBuildConfiguration;
			buildSettings = {
				ASSETCATALOG_COMPILER_APPICON_NAME = AppIcon;
				CLANG_ANALYZER_SECURITY_FLOATLOOPCOUNTER = YES;
				CLANG_ANALYZER_SECURITY_INSECUREAPI_RAND = YES;
				CLANG_ANALYZER_SECURITY_INSECUREAPI_STRCPY = YES;
				CODE_SIGN_STYLE = Automatic;
				CURRENT_PROJECT_VERSION = 1.0.0.3;
				DEVELOPMENT_TEAM = MNTZKMS8Z9;
				ENABLE_PREVIEWS = NO;
				GCC_STRICT_ALIASING = NO;
				INFOPLIST_FILE = Sendfile/Info.plist;
				INFOPLIST_KEY_CFBundleDisplayName = Sendfile;
				INFOPLIST_KEY_UIApplicationSupportsIndirectInputEvents = YES;
				INFOPLIST_KEY_UILaunchScreen_Generation = YES;
				INFOPLIST_KEY_UISupportedInterfaceOrientations = "UIInterfaceOrientationPortrait UIInterfaceOrientationLandscapeRight UIInterfaceOrientationLandscapeLeft";
				INFOPLIST_KEY_UISupportedInterfaceOrientations_iPad = "UIInterfaceOrientationPortrait UIInterfaceOrientationPortraitUpsideDown UIInterfaceOrientationLandscapeLeft UIInterfaceOrientationLandscapeRight";
				INFOPLIST_KEY_UISupportedInterfaceOrientations_iPhone = "UIInterfaceOrientationPortrait UIInterfaceOrientationLandscapeLeft UIInterfaceOrientationLandscapeRight";
				LD_RUNPATH_SEARCH_PATHS = (
					"$(inherited)",
					"@executable_path/Frameworks",
				);
				MARKETING_VERSION = 1.0.0;
				PRODUCT_BUNDLE_IDENTIFIER = "org.glopfile.Sendfile-iOS";
				PRODUCT_NAME = Sendfile;
				RUN_CLANG_STATIC_ANALYZER = YES;
				SWIFT_EMIT_LOC_STRINGS = YES;
				SWIFT_VERSION = 5.0;
				TARGETED_DEVICE_FAMILY = "1,2";
			};
			name = "Testable Release";
		};
/* End XCBuildConfiguration section */

/* Begin XCConfigurationList section */
		C87A468B27BD4A9800C83DCE /* Build configuration list for PBXProject "Sendfile" */ = {
			isa = XCConfigurationList;
			buildConfigurations = (
				C87A469C27BD4A9A00C83DCE /* Debug */,
				C87A469D27BD4A9A00C83DCE /* App Store Release */,
				C8A9FB7427BD53C6008FAF28 /* Testable Release */,
			);
			defaultConfigurationIsVisible = 0;
			defaultConfigurationName = Debug;
		};
		C87A469E27BD4A9A00C83DCE /* Build configuration list for PBXNativeTarget "Sendfile" */ = {
			isa = XCConfigurationList;
			buildConfigurations = (
				C87A469F27BD4A9A00C83DCE /* Debug */,
				C87A46A027BD4A9A00C83DCE /* App Store Release */,
				C8A9FB7527BD53C6008FAF28 /* Testable Release */,
			);
			defaultConfigurationIsVisible = 0;
			defaultConfigurationName = Debug;
		};
/* End XCConfigurationList section */
	};
	rootObject = C87A468827BD4A9800C83DCE /* Project object */;
}
